// !$*UTF8*$!
{
	archiveVersion = 1;
	classes = {
	};
	objectVersion = 56;
	objects = {

/* Begin PBXBuildFile section */
		093864712C43F3F400485499 /* PreviewSamples.swift in Sources */ = {isa = PBXBuildFile; fileRef = 093864702C43F3F400485499 /* PreviewSamples.swift */; };
		093864742C43F69D00485499 /* UIWindow.swift in Sources */ = {isa = PBXBuildFile; fileRef = 093864732C43F69D00485499 /* UIWindow.swift */; };
		093864762C43F6B300485499 /* UIScreen.swift in Sources */ = {isa = PBXBuildFile; fileRef = 093864752C43F6B300485499 /* UIScreen.swift */; };
		093864782C43F88E00485499 /* MarketDataModel.swift in Sources */ = {isa = PBXBuildFile; fileRef = 093864772C43F88E00485499 /* MarketDataModel.swift */; };
		0938647A2C43F9CC00485499 /* MarketDataService.swift in Sources */ = {isa = PBXBuildFile; fileRef = 093864792C43F9CC00485499 /* MarketDataService.swift */; };
		0938647C2C43FCA100485499 /* String.swift in Sources */ = {isa = PBXBuildFile; fileRef = 0938647B2C43FCA100485499 /* String.swift */; };
		0938647F2C43FD8F00485499 /* PortfolioView.swift in Sources */ = {isa = PBXBuildFile; fileRef = 0938647E2C43FD8F00485499 /* PortfolioView.swift */; };
		093864812C43FF0200485499 /* XMarkButton.swift in Sources */ = {isa = PBXBuildFile; fileRef = 093864802C43FF0200485499 /* XMarkButton.swift */; };
		093864832C4401A900485499 /* CoinLogoView.swift in Sources */ = {isa = PBXBuildFile; fileRef = 093864822C4401A900485499 /* CoinLogoView.swift */; };
		093864862C4505AC00485499 /* PortfolioContainer.xcdatamodeld in Sources */ = {isa = PBXBuildFile; fileRef = 093864842C4505AC00485499 /* PortfolioContainer.xcdatamodeld */; };
		093864882C45063200485499 /* PortfolioDataService.swift in Sources */ = {isa = PBXBuildFile; fileRef = 093864872C45063200485499 /* PortfolioDataService.swift */; };
		0938648A2C45166000485499 /* HapticManager.swift in Sources */ = {isa = PBXBuildFile; fileRef = 093864892C45166000485499 /* HapticManager.swift */; };
		0938648F2C47DBCB00485499 /* DetailView.swift in Sources */ = {isa = PBXBuildFile; fileRef = 0938648E2C47DBCB00485499 /* DetailView.swift */; };
		093864912C47F7B800485499 /* DetailViewModel.swift in Sources */ = {isa = PBXBuildFile; fileRef = 093864902C47F7B800485499 /* DetailViewModel.swift */; };
		0976F9B72C42E04800E0CFE4 /* CryptoTrackerApp.swift in Sources */ = {isa = PBXBuildFile; fileRef = 0976F9B62C42E04800E0CFE4 /* CryptoTrackerApp.swift */; };
		0976F9BE2C42E04900E0CFE4 /* Preview Assets.xcassets in Resources */ = {isa = PBXBuildFile; fileRef = 0976F9BD2C42E04900E0CFE4 /* Preview Assets.xcassets */; };
		0976F9C52C42E14F00E0CFE4 /* Assets.xcassets in Resources */ = {isa = PBXBuildFile; fileRef = 0976F9C42C42E14F00E0CFE4 /* Assets.xcassets */; };
		0976F9C82C42E1C000E0CFE4 /* Color.swift in Sources */ = {isa = PBXBuildFile; fileRef = 0976F9C72C42E1C000E0CFE4 /* Color.swift */; };
		0976F9CE2C42E4B700E0CFE4 /* HomeView.swift in Sources */ = {isa = PBXBuildFile; fileRef = 0976F9CD2C42E4B700E0CFE4 /* HomeView.swift */; };
		0976F9D22C42E67000E0CFE4 /* CircleButtonView.swift in Sources */ = {isa = PBXBuildFile; fileRef = 0976F9D12C42E67000E0CFE4 /* CircleButtonView.swift */; };
		0976F9D42C42E84E00E0CFE4 /* CircleButtonAnimationView.swift in Sources */ = {isa = PBXBuildFile; fileRef = 0976F9D32C42E84E00E0CFE4 /* CircleButtonAnimationView.swift */; };
		0976F9D72C42EA5700E0CFE4 /* CoinModel.swift in Sources */ = {isa = PBXBuildFile; fileRef = 0976F9D62C42EA5700E0CFE4 /* CoinModel.swift */; };
		0976F9D92C42ED9800E0CFE4 /* CoinRowView.swift in Sources */ = {isa = PBXBuildFile; fileRef = 0976F9D82C42ED9800E0CFE4 /* CoinRowView.swift */; };
		0976F9DB2C42EDD800E0CFE4 /* PreviewProvider.swift in Sources */ = {isa = PBXBuildFile; fileRef = 0976F9DA2C42EDD800E0CFE4 /* PreviewProvider.swift */; };
		0976F9DD2C42F1AA00E0CFE4 /* Double.swift in Sources */ = {isa = PBXBuildFile; fileRef = 0976F9DC2C42F1AA00E0CFE4 /* Double.swift */; };
		0976F9DF2C43AC8300E0CFE4 /* HomeViewModel.swift in Sources */ = {isa = PBXBuildFile; fileRef = 0976F9DE2C43AC8300E0CFE4 /* HomeViewModel.swift */; };
		0976F9E22C43B0F300E0CFE4 /* CoinDataService.swift in Sources */ = {isa = PBXBuildFile; fileRef = 0976F9E12C43B0F300E0CFE4 /* CoinDataService.swift */; };
		0976F9E52C43B49C00E0CFE4 /* NetworkingManager.swift in Sources */ = {isa = PBXBuildFile; fileRef = 0976F9E42C43B49C00E0CFE4 /* NetworkingManager.swift */; };
		0976F9E82C43BAE100E0CFE4 /* CoinImageView.swift in Sources */ = {isa = PBXBuildFile; fileRef = 0976F9E72C43BAE100E0CFE4 /* CoinImageView.swift */; };
		0976F9EA2C43BAFF00E0CFE4 /* CoinImageViewModel.swift in Sources */ = {isa = PBXBuildFile; fileRef = 0976F9E92C43BAFF00E0CFE4 /* CoinImageViewModel.swift */; };
		0976F9EC2C43BC1000E0CFE4 /* CoinImageService.swift in Sources */ = {isa = PBXBuildFile; fileRef = 0976F9EB2C43BC1000E0CFE4 /* CoinImageService.swift */; };
		0976F9EF2C43BFC000E0CFE4 /* LocalFileManager.swift in Sources */ = {isa = PBXBuildFile; fileRef = 0976F9EE2C43BFC000E0CFE4 /* LocalFileManager.swift */; };
		098711A52C43D82A00EBDA5F /* SearchBarView.swift in Sources */ = {isa = PBXBuildFile; fileRef = 098711A42C43D82A00EBDA5F /* SearchBarView.swift */; };
		098711A72C43DB3400EBDA5F /* UIApplication.swift in Sources */ = {isa = PBXBuildFile; fileRef = 098711A62C43DB3400EBDA5F /* UIApplication.swift */; };
		098711A92C43E09C00EBDA5F /* StatisticModel.swift in Sources */ = {isa = PBXBuildFile; fileRef = 098711A82C43E09C00EBDA5F /* StatisticModel.swift */; };
		098711AC2C43E15600EBDA5F /* StatisticView.swift in Sources */ = {isa = PBXBuildFile; fileRef = 098711AB2C43E15600EBDA5F /* StatisticView.swift */; };
		098711AE2C43E36600EBDA5F /* HomeStatsView.swift in Sources */ = {isa = PBXBuildFile; fileRef = 098711AD2C43E36600EBDA5F /* HomeStatsView.swift */; };
/* End PBXBuildFile section */

/* Begin PBXFileReference section */
		093864702C43F3F400485499 /* PreviewSamples.swift */ = {isa = PBXFileReference; lastKnownFileType = sourcecode.swift; path = PreviewSamples.swift; sourceTree = "<group>"; };
		093864732C43F69D00485499 /* UIWindow.swift */ = {isa = PBXFileReference; lastKnownFileType = sourcecode.swift; path = UIWindow.swift; sourceTree = "<group>"; };
		093864752C43F6B300485499 /* UIScreen.swift */ = {isa = PBXFileReference; lastKnownFileType = sourcecode.swift; path = UIScreen.swift; sourceTree = "<group>"; };
		093864772C43F88E00485499 /* MarketDataModel.swift */ = {isa = PBXFileReference; lastKnownFileType = sourcecode.swift; path = MarketDataModel.swift; sourceTree = "<group>"; };
		093864792C43F9CC00485499 /* MarketDataService.swift */ = {isa = PBXFileReference; lastKnownFileType = sourcecode.swift; path = MarketDataService.swift; sourceTree = "<group>"; };
		0938647B2C43FCA100485499 /* String.swift */ = {isa = PBXFileReference; lastKnownFileType = sourcecode.swift; path = String.swift; sourceTree = "<group>"; };
		0938647E2C43FD8F00485499 /* PortfolioView.swift */ = {isa = PBXFileReference; lastKnownFileType = sourcecode.swift; path = PortfolioView.swift; sourceTree = "<group>"; };
		093864802C43FF0200485499 /* XMarkButton.swift */ = {isa = PBXFileReference; lastKnownFileType = sourcecode.swift; path = XMarkButton.swift; sourceTree = "<group>"; };
		093864822C4401A900485499 /* CoinLogoView.swift */ = {isa = PBXFileReference; lastKnownFileType = sourcecode.swift; path = CoinLogoView.swift; sourceTree = "<group>"; };
		093864852C4505AC00485499 /* PortfolioContainer.xcdatamodel */ = {isa = PBXFileReference; lastKnownFileType = wrapper.xcdatamodel; path = PortfolioContainer.xcdatamodel; sourceTree = "<group>"; };
		093864872C45063200485499 /* PortfolioDataService.swift */ = {isa = PBXFileReference; lastKnownFileType = sourcecode.swift; path = PortfolioDataService.swift; sourceTree = "<group>"; };
		093864892C45166000485499 /* HapticManager.swift */ = {isa = PBXFileReference; lastKnownFileType = sourcecode.swift; path = HapticManager.swift; sourceTree = "<group>"; };
		0938648E2C47DBCB00485499 /* DetailView.swift */ = {isa = PBXFileReference; lastKnownFileType = sourcecode.swift; path = DetailView.swift; sourceTree = "<group>"; };
		093864902C47F7B800485499 /* DetailViewModel.swift */ = {isa = PBXFileReference; lastKnownFileType = sourcecode.swift; path = DetailViewModel.swift; sourceTree = "<group>"; };
		0976F9B32C42E04800E0CFE4 /* CryptoTracker.app */ = {isa = PBXFileReference; explicitFileType = wrapper.application; includeInIndex = 0; path = CryptoTracker.app; sourceTree = BUILT_PRODUCTS_DIR; };
		0976F9B62C42E04800E0CFE4 /* CryptoTrackerApp.swift */ = {isa = PBXFileReference; lastKnownFileType = sourcecode.swift; path = CryptoTrackerApp.swift; sourceTree = "<group>"; };
		0976F9BD2C42E04900E0CFE4 /* Preview Assets.xcassets */ = {isa = PBXFileReference; lastKnownFileType = folder.assetcatalog; path = "Preview Assets.xcassets"; sourceTree = "<group>"; };
		0976F9C42C42E14F00E0CFE4 /* Assets.xcassets */ = {isa = PBXFileReference; lastKnownFileType = folder.assetcatalog; path = Assets.xcassets; sourceTree = "<group>"; };
		0976F9C72C42E1C000E0CFE4 /* Color.swift */ = {isa = PBXFileReference; lastKnownFileType = sourcecode.swift; path = Color.swift; sourceTree = "<group>"; };
		0976F9CD2C42E4B700E0CFE4 /* HomeView.swift */ = {isa = PBXFileReference; lastKnownFileType = sourcecode.swift; path = HomeView.swift; sourceTree = "<group>"; };
		0976F9D12C42E67000E0CFE4 /* CircleButtonView.swift */ = {isa = PBXFileReference; lastKnownFileType = sourcecode.swift; path = CircleButtonView.swift; sourceTree = "<group>"; };
		0976F9D32C42E84E00E0CFE4 /* CircleButtonAnimationView.swift */ = {isa = PBXFileReference; lastKnownFileType = sourcecode.swift; path = CircleButtonAnimationView.swift; sourceTree = "<group>"; };
		0976F9D62C42EA5700E0CFE4 /* CoinModel.swift */ = {isa = PBXFileReference; lastKnownFileType = sourcecode.swift; path = CoinModel.swift; sourceTree = "<group>"; };
		0976F9D82C42ED9800E0CFE4 /* CoinRowView.swift */ = {isa = PBXFileReference; lastKnownFileType = sourcecode.swift; path = CoinRowView.swift; sourceTree = "<group>"; };
		0976F9DA2C42EDD800E0CFE4 /* PreviewProvider.swift */ = {isa = PBXFileReference; lastKnownFileType = sourcecode.swift; path = PreviewProvider.swift; sourceTree = "<group>"; };
		0976F9DC2C42F1AA00E0CFE4 /* Double.swift */ = {isa = PBXFileReference; lastKnownFileType = sourcecode.swift; path = Double.swift; sourceTree = "<group>"; };
		0976F9DE2C43AC8300E0CFE4 /* HomeViewModel.swift */ = {isa = PBXFileReference; lastKnownFileType = sourcecode.swift; path = HomeViewModel.swift; sourceTree = "<group>"; };
		0976F9E12C43B0F300E0CFE4 /* CoinDataService.swift */ = {isa = PBXFileReference; lastKnownFileType = sourcecode.swift; path = CoinDataService.swift; sourceTree = "<group>"; };
		0976F9E42C43B49C00E0CFE4 /* NetworkingManager.swift */ = {isa = PBXFileReference; lastKnownFileType = sourcecode.swift; path = NetworkingManager.swift; sourceTree = "<group>"; };
		0976F9E72C43BAE100E0CFE4 /* CoinImageView.swift */ = {isa = PBXFileReference; lastKnownFileType = sourcecode.swift; path = CoinImageView.swift; sourceTree = "<group>"; };
		0976F9E92C43BAFF00E0CFE4 /* CoinImageViewModel.swift */ = {isa = PBXFileReference; lastKnownFileType = sourcecode.swift; path = CoinImageViewModel.swift; sourceTree = "<group>"; };
		0976F9EB2C43BC1000E0CFE4 /* CoinImageService.swift */ = {isa = PBXFileReference; lastKnownFileType = sourcecode.swift; path = CoinImageService.swift; sourceTree = "<group>"; };
		0976F9EE2C43BFC000E0CFE4 /* LocalFileManager.swift */ = {isa = PBXFileReference; lastKnownFileType = sourcecode.swift; path = LocalFileManager.swift; sourceTree = "<group>"; };
		098711A42C43D82A00EBDA5F /* SearchBarView.swift */ = {isa = PBXFileReference; lastKnownFileType = sourcecode.swift; path = SearchBarView.swift; sourceTree = "<group>"; };
		098711A62C43DB3400EBDA5F /* UIApplication.swift */ = {isa = PBXFileReference; lastKnownFileType = sourcecode.swift; path = UIApplication.swift; sourceTree = "<group>"; };
		098711A82C43E09C00EBDA5F /* StatisticModel.swift */ = {isa = PBXFileReference; lastKnownFileType = sourcecode.swift; path = StatisticModel.swift; sourceTree = "<group>"; };
		098711AB2C43E15600EBDA5F /* StatisticView.swift */ = {isa = PBXFileReference; lastKnownFileType = sourcecode.swift; path = StatisticView.swift; sourceTree = "<group>"; };
		098711AD2C43E36600EBDA5F /* HomeStatsView.swift */ = {isa = PBXFileReference; lastKnownFileType = sourcecode.swift; path = HomeStatsView.swift; sourceTree = "<group>"; };
/* End PBXFileReference section */

/* Begin PBXFrameworksBuildPhase section */
		0976F9B02C42E04800E0CFE4 /* Frameworks */ = {
			isa = PBXFrameworksBuildPhase;
			buildActionMask = 2147483647;
			files = (
			);
			runOnlyForDeploymentPostprocessing = 0;
		};
/* End PBXFrameworksBuildPhase section */

/* Begin PBXGroup section */
		093864722C43F64C00485499 /* Managers */ = {
			isa = PBXGroup;
			children = (
				0976F9E42C43B49C00E0CFE4 /* NetworkingManager.swift */,
				0976F9EE2C43BFC000E0CFE4 /* LocalFileManager.swift */,
				093864892C45166000485499 /* HapticManager.swift */,
			);
			path = Managers;
			sourceTree = "<group>";
		};
		0938648B2C47DBAE00485499 /* Detail */ = {
			isa = PBXGroup;
			children = (
				0938648D2C47DBBC00485499 /* ViewModels */,
				0938648C2C47DBB800485499 /* Views */,
			);
			path = Detail;
			sourceTree = "<group>";
		};
		0938648C2C47DBB800485499 /* Views */ = {
			isa = PBXGroup;
			children = (
				0938648E2C47DBCB00485499 /* DetailView.swift */,
			);
			path = Views;
			sourceTree = "<group>";
		};
		0938648D2C47DBBC00485499 /* ViewModels */ = {
			isa = PBXGroup;
			children = (
				093864902C47F7B800485499 /* DetailViewModel.swift */,
			);
			path = ViewModels;
			sourceTree = "<group>";
		};
		0976F9AA2C42E04800E0CFE4 = {
			isa = PBXGroup;
			children = (
				0976F9B52C42E04800E0CFE4 /* CryptoTracker */,
				0976F9B42C42E04800E0CFE4 /* Products */,
			);
			sourceTree = "<group>";
		};
		0976F9B42C42E04800E0CFE4 /* Products */ = {
			isa = PBXGroup;
			children = (
				0976F9B32C42E04800E0CFE4 /* CryptoTracker.app */,
			);
			name = Products;
			sourceTree = "<group>";
		};
		0976F9B52C42E04800E0CFE4 /* CryptoTracker */ = {
			isa = PBXGroup;
			children = (
				0976F9E32C43B47B00E0CFE4 /* Utilities */,
				0976F9C62C42E1B000E0CFE4 /* Extensions */,
				0976F9E02C43B0D200E0CFE4 /* Services */,
				0976F9D52C42EA2100E0CFE4 /* Models */,
				0976F9C92C42E44000E0CFE4 /* Core */,
				0976F9B62C42E04800E0CFE4 /* CryptoTrackerApp.swift */,
				0976F9C42C42E14F00E0CFE4 /* Assets.xcassets */,
				0976F9BC2C42E04900E0CFE4 /* Preview Content */,
			);
			path = CryptoTracker;
			sourceTree = "<group>";
		};
		0976F9BC2C42E04900E0CFE4 /* Preview Content */ = {
			isa = PBXGroup;
			children = (
				0976F9BD2C42E04900E0CFE4 /* Preview Assets.xcassets */,
			);
			path = "Preview Content";
			sourceTree = "<group>";
		};
		0976F9C62C42E1B000E0CFE4 /* Extensions */ = {
			isa = PBXGroup;
			children = (
				0976F9C72C42E1C000E0CFE4 /* Color.swift */,
				0976F9DA2C42EDD800E0CFE4 /* PreviewProvider.swift */,
				0976F9DC2C42F1AA00E0CFE4 /* Double.swift */,
				0938647B2C43FCA100485499 /* String.swift */,
				098711A62C43DB3400EBDA5F /* UIApplication.swift */,
				093864732C43F69D00485499 /* UIWindow.swift */,
				093864752C43F6B300485499 /* UIScreen.swift */,
			);
			path = Extensions;
			sourceTree = "<group>";
		};
		0976F9C92C42E44000E0CFE4 /* Core */ = {
			isa = PBXGroup;
			children = (
				0976F9CF2C42E65400E0CFE4 /* Components */,
				0976F9CA2C42E44800E0CFE4 /* Home */,
				0938648B2C47DBAE00485499 /* Detail */,
			);
			path = Core;
			sourceTree = "<group>";
		};
		0976F9CA2C42E44800E0CFE4 /* Home */ = {
			isa = PBXGroup;
			children = (
				0976F9CC2C42E48E00E0CFE4 /* ViewModels */,
				0976F9CB2C42E48500E0CFE4 /* Views */,
			);
			path = Home;
			sourceTree = "<group>";
		};
		0976F9CB2C42E48500E0CFE4 /* Views */ = {
			isa = PBXGroup;
			children = (
				0976F9CD2C42E4B700E0CFE4 /* HomeView.swift */,
				098711AD2C43E36600EBDA5F /* HomeStatsView.swift */,
				0976F9D82C42ED9800E0CFE4 /* CoinRowView.swift */,
				0938647E2C43FD8F00485499 /* PortfolioView.swift */,
			);
			path = Views;
			sourceTree = "<group>";
		};
		0976F9CC2C42E48E00E0CFE4 /* ViewModels */ = {
			isa = PBXGroup;
			children = (
				0976F9DE2C43AC8300E0CFE4 /* HomeViewModel.swift */,
			);
			path = ViewModels;
			sourceTree = "<group>";
		};
		0976F9CF2C42E65400E0CFE4 /* Components */ = {
			isa = PBXGroup;
			children = (
				0976F9E62C43BAD700E0CFE4 /* CoinImage */,
				0976F9D02C42E66600E0CFE4 /* CircleButton */,
				098711A42C43D82A00EBDA5F /* SearchBarView.swift */,
				098711AB2C43E15600EBDA5F /* StatisticView.swift */,
				093864802C43FF0200485499 /* XMarkButton.swift */,
			);
			path = Components;
			sourceTree = "<group>";
		};
		0976F9D02C42E66600E0CFE4 /* CircleButton */ = {
			isa = PBXGroup;
			children = (
				0976F9D12C42E67000E0CFE4 /* CircleButtonView.swift */,
				0976F9D32C42E84E00E0CFE4 /* CircleButtonAnimationView.swift */,
			);
			path = CircleButton;
			sourceTree = "<group>";
		};
		0976F9D52C42EA2100E0CFE4 /* Models */ = {
			isa = PBXGroup;
			children = (
				0976F9D62C42EA5700E0CFE4 /* CoinModel.swift */,
				098711A82C43E09C00EBDA5F /* StatisticModel.swift */,
				093864772C43F88E00485499 /* MarketDataModel.swift */,
				093864842C4505AC00485499 /* PortfolioContainer.xcdatamodeld */,
			);
			path = Models;
			sourceTree = "<group>";
		};
		0976F9E02C43B0D200E0CFE4 /* Services */ = {
			isa = PBXGroup;
			children = (
				0976F9E12C43B0F300E0CFE4 /* CoinDataService.swift */,
				0976F9EB2C43BC1000E0CFE4 /* CoinImageService.swift */,
				093864792C43F9CC00485499 /* MarketDataService.swift */,
				093864872C45063200485499 /* PortfolioDataService.swift */,
			);
			path = Services;
			sourceTree = "<group>";
		};
		0976F9E32C43B47B00E0CFE4 /* Utilities */ = {
			isa = PBXGroup;
			children = (
				093864722C43F64C00485499 /* Managers */,
				093864702C43F3F400485499 /* PreviewSamples.swift */,
			);
			path = Utilities;
			sourceTree = "<group>";
		};
		0976F9E62C43BAD700E0CFE4 /* CoinImage */ = {
			isa = PBXGroup;
			children = (
				0976F9E72C43BAE100E0CFE4 /* CoinImageView.swift */,
				0976F9E92C43BAFF00E0CFE4 /* CoinImageViewModel.swift */,
				093864822C4401A900485499 /* CoinLogoView.swift */,
			);
			path = CoinImage;
			sourceTree = "<group>";
		};
/* End PBXGroup section */

/* Begin PBXNativeTarget section */
		0976F9B22C42E04800E0CFE4 /* CryptoTracker */ = {
			isa = PBXNativeTarget;
			buildConfigurationList = 0976F9C12C42E04900E0CFE4 /* Build configuration list for PBXNativeTarget "CryptoTracker" */;
			buildPhases = (
				0976F9AF2C42E04800E0CFE4 /* Sources */,
				0976F9B02C42E04800E0CFE4 /* Frameworks */,
				0976F9B12C42E04800E0CFE4 /* Resources */,
			);
			buildRules = (
			);
			dependencies = (
			);
			name = CryptoTracker;
			productName = CryptoTracker;
			productReference = 0976F9B32C42E04800E0CFE4 /* CryptoTracker.app */;
			productType = "com.apple.product-type.application";
		};
/* End PBXNativeTarget section */

/* Begin PBXProject section */
		0976F9AB2C42E04800E0CFE4 /* Project object */ = {
			isa = PBXProject;
			attributes = {
				BuildIndependentTargetsInParallel = 1;
				LastSwiftUpdateCheck = 1540;
				LastUpgradeCheck = 1540;
				TargetAttributes = {
					0976F9B22C42E04800E0CFE4 = {
						CreatedOnToolsVersion = 15.4;
					};
				};
			};
			buildConfigurationList = 0976F9AE2C42E04800E0CFE4 /* Build configuration list for PBXProject "CryptoTracker" */;
			compatibilityVersion = "Xcode 14.0";
			developmentRegion = en;
			hasScannedForEncodings = 0;
			knownRegions = (
				en,
				Base,
			);
			mainGroup = 0976F9AA2C42E04800E0CFE4;
			productRefGroup = 0976F9B42C42E04800E0CFE4 /* Products */;
			projectDirPath = "";
			projectRoot = "";
			targets = (
				0976F9B22C42E04800E0CFE4 /* CryptoTracker */,
			);
		};
/* End PBXProject section */

/* Begin PBXResourcesBuildPhase section */
		0976F9B12C42E04800E0CFE4 /* Resources */ = {
			isa = PBXResourcesBuildPhase;
			buildActionMask = 2147483647;
			files = (
				0976F9C52C42E14F00E0CFE4 /* Assets.xcassets in Resources */,
				0976F9BE2C42E04900E0CFE4 /* Preview Assets.xcassets in Resources */,
			);
			runOnlyForDeploymentPostprocessing = 0;
		};
/* End PBXResourcesBuildPhase section */

/* Begin PBXSourcesBuildPhase section */
		0976F9AF2C42E04800E0CFE4 /* Sources */ = {
			isa = PBXSourcesBuildPhase;
			buildActionMask = 2147483647;
			files = (
				098711A72C43DB3400EBDA5F /* UIApplication.swift in Sources */,
				098711AC2C43E15600EBDA5F /* StatisticView.swift in Sources */,
				0976F9E82C43BAE100E0CFE4 /* CoinImageView.swift in Sources */,
				0938647C2C43FCA100485499 /* String.swift in Sources */,
				0976F9CE2C42E4B700E0CFE4 /* HomeView.swift in Sources */,
				093864712C43F3F400485499 /* PreviewSamples.swift in Sources */,
				0976F9B72C42E04800E0CFE4 /* CryptoTrackerApp.swift in Sources */,
				093864742C43F69D00485499 /* UIWindow.swift in Sources */,
				093864762C43F6B300485499 /* UIScreen.swift in Sources */,
				0976F9EA2C43BAFF00E0CFE4 /* CoinImageViewModel.swift in Sources */,
				0976F9D22C42E67000E0CFE4 /* CircleButtonView.swift in Sources */,
				098711A92C43E09C00EBDA5F /* StatisticModel.swift in Sources */,
				0976F9DF2C43AC8300E0CFE4 /* HomeViewModel.swift in Sources */,
				0976F9C82C42E1C000E0CFE4 /* Color.swift in Sources */,
				0938647A2C43F9CC00485499 /* MarketDataService.swift in Sources */,
				0976F9EF2C43BFC000E0CFE4 /* LocalFileManager.swift in Sources */,
				098711AE2C43E36600EBDA5F /* HomeStatsView.swift in Sources */,
				0976F9D72C42EA5700E0CFE4 /* CoinModel.swift in Sources */,
				0976F9DB2C42EDD800E0CFE4 /* PreviewProvider.swift in Sources */,
				0938648F2C47DBCB00485499 /* DetailView.swift in Sources */,
				0938648A2C45166000485499 /* HapticManager.swift in Sources */,
				0976F9D92C42ED9800E0CFE4 /* CoinRowView.swift in Sources */,
				0976F9DD2C42F1AA00E0CFE4 /* Double.swift in Sources */,
				093864912C47F7B800485499 /* DetailViewModel.swift in Sources */,
				093864862C4505AC00485499 /* PortfolioContainer.xcdatamodeld in Sources */,
				0976F9E52C43B49C00E0CFE4 /* NetworkingManager.swift in Sources */,
				0976F9D42C42E84E00E0CFE4 /* CircleButtonAnimationView.swift in Sources */,
				0938647F2C43FD8F00485499 /* PortfolioView.swift in Sources */,
				093864812C43FF0200485499 /* XMarkButton.swift in Sources */,
				0976F9EC2C43BC1000E0CFE4 /* CoinImageService.swift in Sources */,
				093864832C4401A900485499 /* CoinLogoView.swift in Sources */,
				098711A52C43D82A00EBDA5F /* SearchBarView.swift in Sources */,
				093864782C43F88E00485499 /* MarketDataModel.swift in Sources */,
				093864882C45063200485499 /* PortfolioDataService.swift in Sources */,
				0976F9E22C43B0F300E0CFE4 /* CoinDataService.swift in Sources */,
			);
			runOnlyForDeploymentPostprocessing = 0;
		};
/* End PBXSourcesBuildPhase section */

/* Begin XCBuildConfiguration section */
		0976F9BF2C42E04900E0CFE4 /* Debug */ = {
			isa = XCBuildConfiguration;
			buildSettings = {
				ALWAYS_SEARCH_USER_PATHS = NO;
				ASSETCATALOG_COMPILER_GENERATE_SWIFT_ASSET_SYMBOL_EXTENSIONS = YES;
				CLANG_ANALYZER_NONNULL = YES;
				CLANG_ANALYZER_NUMBER_OBJECT_CONVERSION = YES_AGGRESSIVE;
				CLANG_CXX_LANGUAGE_STANDARD = "gnu++20";
				CLANG_ENABLE_MODULES = YES;
				CLANG_ENABLE_OBJC_ARC = YES;
				CLANG_ENABLE_OBJC_WEAK = YES;
				CLANG_WARN_BLOCK_CAPTURE_AUTORELEASING = YES;
				CLANG_WARN_BOOL_CONVERSION = YES;
				CLANG_WARN_COMMA = YES;
				CLANG_WARN_CONSTANT_CONVERSION = YES;
				CLANG_WARN_DEPRECATED_OBJC_IMPLEMENTATIONS = YES;
				CLANG_WARN_DIRECT_OBJC_ISA_USAGE = YES_ERROR;
				CLANG_WARN_DOCUMENTATION_COMMENTS = YES;
				CLANG_WARN_EMPTY_BODY = YES;
				CLANG_WARN_ENUM_CONVERSION = YES;
				CLANG_WARN_INFINITE_RECURSION = YES;
				CLANG_WARN_INT_CONVERSION = YES;
				CLANG_WARN_NON_LITERAL_NULL_CONVERSION = YES;
				CLANG_WARN_OBJC_IMPLICIT_RETAIN_SELF = YES;
				CLANG_WARN_OBJC_LITERAL_CONVERSION = YES;
				CLANG_WARN_OBJC_ROOT_CLASS = YES_ERROR;
				CLANG_WARN_QUOTED_INCLUDE_IN_FRAMEWORK_HEADER = YES;
				CLANG_WARN_RANGE_LOOP_ANALYSIS = YES;
				CLANG_WARN_STRICT_PROTOTYPES = YES;
				CLANG_WARN_SUSPICIOUS_MOVE = YES;
				CLANG_WARN_UNGUARDED_AVAILABILITY = YES_AGGRESSIVE;
				CLANG_WARN_UNREACHABLE_CODE = YES;
				CLANG_WARN__DUPLICATE_METHOD_MATCH = YES;
				COPY_PHASE_STRIP = NO;
				DEBUG_INFORMATION_FORMAT = dwarf;
				ENABLE_STRICT_OBJC_MSGSEND = YES;
				ENABLE_TESTABILITY = YES;
				ENABLE_USER_SCRIPT_SANDBOXING = YES;
				GCC_C_LANGUAGE_STANDARD = gnu17;
				GCC_DYNAMIC_NO_PIC = NO;
				GCC_NO_COMMON_BLOCKS = YES;
				GCC_OPTIMIZATION_LEVEL = 0;
				GCC_PREPROCESSOR_DEFINITIONS = (
					"DEBUG=1",
					"$(inherited)",
				);
				GCC_WARN_64_TO_32_BIT_CONVERSION = YES;
				GCC_WARN_ABOUT_RETURN_TYPE = YES_ERROR;
				GCC_WARN_UNDECLARED_SELECTOR = YES;
				GCC_WARN_UNINITIALIZED_AUTOS = YES_AGGRESSIVE;
				GCC_WARN_UNUSED_FUNCTION = YES;
				GCC_WARN_UNUSED_VARIABLE = YES;
				IPHONEOS_DEPLOYMENT_TARGET = 17.5;
				LOCALIZATION_PREFERS_STRING_CATALOGS = YES;
				MTL_ENABLE_DEBUG_INFO = INCLUDE_SOURCE;
				MTL_FAST_MATH = YES;
				ONLY_ACTIVE_ARCH = YES;
				SDKROOT = iphoneos;
				SWIFT_ACTIVE_COMPILATION_CONDITIONS = "DEBUG $(inherited)";
				SWIFT_OPTIMIZATION_LEVEL = "-Onone";
			};
			name = Debug;
		};
		0976F9C02C42E04900E0CFE4 /* Release */ = {
			isa = XCBuildConfiguration;
			buildSettings = {
				ALWAYS_SEARCH_USER_PATHS = NO;
				ASSETCATALOG_COMPILER_GENERATE_SWIFT_ASSET_SYMBOL_EXTENSIONS = YES;
				CLANG_ANALYZER_NONNULL = YES;
				CLANG_ANALYZER_NUMBER_OBJECT_CONVERSION = YES_AGGRESSIVE;
				CLANG_CXX_LANGUAGE_STANDARD = "gnu++20";
				CLANG_ENABLE_MODULES = YES;
				CLANG_ENABLE_OBJC_ARC = YES;
				CLANG_ENABLE_OBJC_WEAK = YES;
				CLANG_WARN_BLOCK_CAPTURE_AUTORELEASING = YES;
				CLANG_WARN_BOOL_CONVERSION = YES;
				CLANG_WARN_COMMA = YES;
				CLANG_WARN_CONSTANT_CONVERSION = YES;
				CLANG_WARN_DEPRECATED_OBJC_IMPLEMENTATIONS = YES;
				CLANG_WARN_DIRECT_OBJC_ISA_USAGE = YES_ERROR;
				CLANG_WARN_DOCUMENTATION_COMMENTS = YES;
				CLANG_WARN_EMPTY_BODY = YES;
				CLANG_WARN_ENUM_CONVERSION = YES;
				CLANG_WARN_INFINITE_RECURSION = YES;
				CLANG_WARN_INT_CONVERSION = YES;
				CLANG_WARN_NON_LITERAL_NULL_CONVERSION = YES;
				CLANG_WARN_OBJC_IMPLICIT_RETAIN_SELF = YES;
				CLANG_WARN_OBJC_LITERAL_CONVERSION = YES;
				CLANG_WARN_OBJC_ROOT_CLASS = YES_ERROR;
				CLANG_WARN_QUOTED_INCLUDE_IN_FRAMEWORK_HEADER = YES;
				CLANG_WARN_RANGE_LOOP_ANALYSIS = YES;
				CLANG_WARN_STRICT_PROTOTYPES = YES;
				CLANG_WARN_SUSPICIOUS_MOVE = YES;
				CLANG_WARN_UNGUARDED_AVAILABILITY = YES_AGGRESSIVE;
				CLANG_WARN_UNREACHABLE_CODE = YES;
				CLANG_WARN__DUPLICATE_METHOD_MATCH = YES;
				COPY_PHASE_STRIP = NO;
				DEBUG_INFORMATION_FORMAT = "dwarf-with-dsym";
				ENABLE_NS_ASSERTIONS = NO;
				ENABLE_STRICT_OBJC_MSGSEND = YES;
				ENABLE_USER_SCRIPT_SANDBOXING = YES;
				GCC_C_LANGUAGE_STANDARD = gnu17;
				GCC_NO_COMMON_BLOCKS = YES;
				GCC_WARN_64_TO_32_BIT_CONVERSION = YES;
				GCC_WARN_ABOUT_RETURN_TYPE = YES_ERROR;
				GCC_WARN_UNDECLARED_SELECTOR = YES;
				GCC_WARN_UNINITIALIZED_AUTOS = YES_AGGRESSIVE;
				GCC_WARN_UNUSED_FUNCTION = YES;
				GCC_WARN_UNUSED_VARIABLE = YES;
				IPHONEOS_DEPLOYMENT_TARGET = 17.5;
				LOCALIZATION_PREFERS_STRING_CATALOGS = YES;
				MTL_ENABLE_DEBUG_INFO = NO;
				MTL_FAST_MATH = YES;
				SDKROOT = iphoneos;
				SWIFT_COMPILATION_MODE = wholemodule;
				VALIDATE_PRODUCT = YES;
			};
			name = Release;
		};
		0976F9C22C42E04900E0CFE4 /* Debug */ = {
			isa = XCBuildConfiguration;
			buildSettings = {
				ASSETCATALOG_COMPILER_APPICON_NAME = AppIcon;
				ASSETCATALOG_COMPILER_GLOBAL_ACCENT_COLOR_NAME = AccentColor;
				CODE_SIGN_STYLE = Automatic;
				CURRENT_PROJECT_VERSION = 1;
				DEVELOPMENT_ASSET_PATHS = "\"CryptoTracker/Preview Content\"";
				DEVELOPMENT_TEAM = 5U3G9TFZ4B;
				ENABLE_PREVIEWS = YES;
				GENERATE_INFOPLIST_FILE = YES;
				INFOPLIST_KEY_CFBundleDisplayName = CryptoTracker;
				INFOPLIST_KEY_UIApplicationSceneManifest_Generation = YES;
				INFOPLIST_KEY_UIApplicationSupportsIndirectInputEvents = YES;
				INFOPLIST_KEY_UILaunchScreen_Generation = YES;
				INFOPLIST_KEY_UISupportedInterfaceOrientations = UIInterfaceOrientationPortrait;
				LD_RUNPATH_SEARCH_PATHS = (
					"$(inherited)",
					"@executable_path/Frameworks",
				);
				MARKETING_VERSION = 1.0;
				PRODUCT_BUNDLE_IDENTIFIER = com.minhvulai.CryptoTracker;
				PRODUCT_NAME = "$(TARGET_NAME)";
				SWIFT_EMIT_LOC_STRINGS = YES;
				SWIFT_VERSION = 5.0;
				TARGETED_DEVICE_FAMILY = "1,2";
			};
			name = Debug;
		};
		0976F9C32C42E04900E0CFE4 /* Release */ = {
			isa = XCBuildConfiguration;
			buildSettings = {
				ASSETCATALOG_COMPILER_APPICON_NAME = AppIcon;
				ASSETCATALOG_COMPILER_GLOBAL_ACCENT_COLOR_NAME = AccentColor;
				CODE_SIGN_STYLE = Automatic;
				CURRENT_PROJECT_VERSION = 1;
				DEVELOPMENT_ASSET_PATHS = "\"CryptoTracker/Preview Content\"";
				DEVELOPMENT_TEAM = 5U3G9TFZ4B;
				ENABLE_PREVIEWS = YES;
				GENERATE_INFOPLIST_FILE = YES;
				INFOPLIST_KEY_CFBundleDisplayName = CryptoTracker;
				INFOPLIST_KEY_UIApplicationSceneManifest_Generation = YES;
				INFOPLIST_KEY_UIApplicationSupportsIndirectInputEvents = YES;
				INFOPLIST_KEY_UILaunchScreen_Generation = YES;
				INFOPLIST_KEY_UISupportedInterfaceOrientations = UIInterfaceOrientationPortrait;
				LD_RUNPATH_SEARCH_PATHS = (
					"$(inherited)",
					"@executable_path/Frameworks",
				);
				MARKETING_VERSION = 1.0;
				PRODUCT_BUNDLE_IDENTIFIER = com.minhvulai.CryptoTracker;
				PRODUCT_NAME = "$(TARGET_NAME)";
				SWIFT_EMIT_LOC_STRINGS = YES;
				SWIFT_VERSION = 5.0;
				TARGETED_DEVICE_FAMILY = "1,2";
			};
			name = Release;
		};
/* End XCBuildConfiguration section */

/* Begin XCConfigurationList section */
		0976F9AE2C42E04800E0CFE4 /* Build configuration list for PBXProject "CryptoTracker" */ = {
			isa = XCConfigurationList;
			buildConfigurations = (
				0976F9BF2C42E04900E0CFE4 /* Debug */,
				0976F9C02C42E04900E0CFE4 /* Release */,
			);
			defaultConfigurationIsVisible = 0;
			defaultConfigurationName = Release;
		};
		0976F9C12C42E04900E0CFE4 /* Build configuration list for PBXNativeTarget "CryptoTracker" */ = {
			isa = XCConfigurationList;
			buildConfigurations = (
				0976F9C22C42E04900E0CFE4 /* Debug */,
				0976F9C32C42E04900E0CFE4 /* Release */,
			);
			defaultConfigurationIsVisible = 0;
			defaultConfigurationName = Release;
		};
/* End XCConfigurationList section */

/* Begin XCVersionGroup section */
		093864842C4505AC00485499 /* PortfolioContainer.xcdatamodeld */ = {
			isa = XCVersionGroup;
			children = (
				093864852C4505AC00485499 /* PortfolioContainer.xcdatamodel */,
			);
			currentVersion = 093864852C4505AC00485499 /* PortfolioContainer.xcdatamodel */;
			name = PortfolioContainer.xcdatamodeld;
			path = "/Users/minhvulai/Applications/SwiftFul-Thinking/CryptoTracker/CryptoTracker/Models/PortfolioContainer.xcdatamodeld";
			sourceTree = "<group>";
			versionGroupType = wrapper.xcdatamodel;
		};
/* End XCVersionGroup section */
	};
	rootObject = 0976F9AB2C42E04800E0CFE4 /* Project object */;
}
